# THIS IS AN AUTOGENERATED FILE. DO NOT EDIT THIS FILE DIRECTLY.
# yarn lockfile v1


i18n-js@^3.2.1:
  version "3.2.1"
  resolved "https://registry.yarnpkg.com/i18n-js/-/i18n-js-3.2.1.tgz#26cea8e327207bebccf1030baa761c5245ceb63b"
  integrity sha512-AN8Ol+7QMcRml338l5W7JeNsJgXZqXHOwF+e2iKu6gqRM87bmbxk3g2CAfapo7+5ASKOhl+0PiH+YP8OjN+rXg==
